// !$*UTF8*$!
{
	archiveVersion = 1;
	classes = {
	};
	objectVersion = 50;
	objects = {

/* Begin PBXBuildFile section */
		8D1C037E238B50C40056CDC2 /* DadJokes.xcdatamodeld in Sources */ = {isa = PBXBuildFile; fileRef = 8D1C037C238B50C40056CDC2 /* DadJokes.xcdatamodeld */; };
		8D1C0385238B52190056CDC2 /* Joke+CoreDataProperties.swift in Sources */ = {isa = PBXBuildFile; fileRef = 8D1C0383238B52180056CDC2 /* Joke+CoreDataProperties.swift */; };
		8D1C0386238B52190056CDC2 /* Joke+CoreDataClass.swift in Sources */ = {isa = PBXBuildFile; fileRef = 8D1C0384238B52190056CDC2 /* Joke+CoreDataClass.swift */; };
		8DC72DEE238B3A58008F53A4 /* AppDelegate.swift in Sources */ = {isa = PBXBuildFile; fileRef = 8DC72DED238B3A58008F53A4 /* AppDelegate.swift */; };
		8DC72DF0238B3A58008F53A4 /* SceneDelegate.swift in Sources */ = {isa = PBXBuildFile; fileRef = 8DC72DEF238B3A58008F53A4 /* SceneDelegate.swift */; };
		8DC72DF5238B3A58008F53A4 /* ContentView.swift in Sources */ = {isa = PBXBuildFile; fileRef = 8DC72DF4238B3A58008F53A4 /* ContentView.swift */; };
		8DC72DF7238B3A59008F53A4 /* Assets.xcassets in Resources */ = {isa = PBXBuildFile; fileRef = 8DC72DF6238B3A59008F53A4 /* Assets.xcassets */; };
		8DC72DFD238B3A59008F53A4 /* LaunchScreen.storyboard in Resources */ = {isa = PBXBuildFile; fileRef = 8DC72DFB238B3A59008F53A4 /* LaunchScreen.storyboard */; };
		8DF873E1238B4019008D4B14 /* EmojiView.swift in Sources */ = {isa = PBXBuildFile; fileRef = 8DF873E0238B4019008D4B14 /* EmojiView.swift */; };
		8DF873E7238B43FF008D4B14 /* AddView.swift in Sources */ = {isa = PBXBuildFile; fileRef = 8DF873E6238B43FF008D4B14 /* AddView.swift */; };
		8DF873E9238B4ED2008D4B14 /* JokeCard.swift in Sources */ = {isa = PBXBuildFile; fileRef = 8DF873E8238B4ED2008D4B14 /* JokeCard.swift */; };
/* End PBXBuildFile section */

/* Begin PBXFileReference section */
		8D1C037D238B50C40056CDC2 /* DadJokes.xcdatamodel */ = {isa = PBXFileReference; lastKnownFileType = wrapper.xcdatamodel; path = DadJokes.xcdatamodel; sourceTree = "<group>"; };
		8D1C0383238B52180056CDC2 /* Joke+CoreDataProperties.swift */ = {isa = PBXFileReference; lastKnownFileType = sourcecode.swift; name = "Joke+CoreDataProperties.swift"; path = "/Users/marcos/Workspace/Github/Public/SwiftUI/Paul Hudson/Dad Jokes/Sources/Joke+CoreDataProperties.swift"; sourceTree = "<absolute>"; };
		8D1C0384238B52190056CDC2 /* Joke+CoreDataClass.swift */ = {isa = PBXFileReference; lastKnownFileType = sourcecode.swift; name = "Joke+CoreDataClass.swift"; path = "/Users/marcos/Workspace/Github/Public/SwiftUI/Paul Hudson/Dad Jokes/Sources/Joke+CoreDataClass.swift"; sourceTree = "<absolute>"; };
		8D5B4CB7238B3B2E008D1BF5 /* Preview Assets.xcassets */ = {isa = PBXFileReference; lastKnownFileType = folder.assetcatalog; path = "Preview Assets.xcassets"; sourceTree = "<group>"; };
		8DC72DEA238B3A58008F53A4 /* DadJokes.app */ = {isa = PBXFileReference; explicitFileType = wrapper.application; includeInIndex = 0; path = DadJokes.app; sourceTree = BUILT_PRODUCTS_DIR; };
		8DC72DED238B3A58008F53A4 /* AppDelegate.swift */ = {isa = PBXFileReference; lastKnownFileType = sourcecode.swift; path = AppDelegate.swift; sourceTree = "<group>"; };
		8DC72DEF238B3A58008F53A4 /* SceneDelegate.swift */ = {isa = PBXFileReference; lastKnownFileType = sourcecode.swift; path = SceneDelegate.swift; sourceTree = "<group>"; };
		8DC72DF4238B3A58008F53A4 /* ContentView.swift */ = {isa = PBXFileReference; lastKnownFileType = sourcecode.swift; path = ContentView.swift; sourceTree = "<group>"; };
		8DC72DF6238B3A59008F53A4 /* Assets.xcassets */ = {isa = PBXFileReference; lastKnownFileType = folder.assetcatalog; path = Assets.xcassets; sourceTree = "<group>"; };
		8DC72DFC238B3A59008F53A4 /* Base */ = {isa = PBXFileReference; lastKnownFileType = file.storyboard; name = Base; path = Base.lproj/LaunchScreen.storyboard; sourceTree = "<group>"; };
		8DC72E06238B3A82008F53A4 /* Common.xcconfig */ = {isa = PBXFileReference; fileEncoding = 4; lastKnownFileType = text.xcconfig; path = Common.xcconfig; sourceTree = "<group>"; };
		8DC72E08238B3A82008F53A4 /* Common.entitlements */ = {isa = PBXFileReference; fileEncoding = 4; lastKnownFileType = text.plist.entitlements; path = Common.entitlements; sourceTree = "<group>"; };
		8DC72E0C238B3A8D008F53A4 /* DadJokes.plist */ = {isa = PBXFileReference; lastKnownFileType = text.plist.xml; path = DadJokes.plist; sourceTree = "<group>"; };
		8DC72E0D238B3AAF008F53A4 /* DadJokes.xcconfig */ = {isa = PBXFileReference; lastKnownFileType = text.xcconfig; path = DadJokes.xcconfig; sourceTree = "<group>"; };
		8DF873E0238B4019008D4B14 /* EmojiView.swift */ = {isa = PBXFileReference; lastKnownFileType = sourcecode.swift; path = EmojiView.swift; sourceTree = "<group>"; };
		8DF873E6238B43FF008D4B14 /* AddView.swift */ = {isa = PBXFileReference; lastKnownFileType = sourcecode.swift; path = AddView.swift; sourceTree = "<group>"; };
		8DF873E8238B4ED2008D4B14 /* JokeCard.swift */ = {isa = PBXFileReference; lastKnownFileType = sourcecode.swift; path = JokeCard.swift; sourceTree = "<group>"; };
/* End PBXFileReference section */

/* Begin PBXFrameworksBuildPhase section */
		8DC72DE7238B3A58008F53A4 /* Frameworks */ = {
			isa = PBXFrameworksBuildPhase;
			buildActionMask = 2147483647;
			files = (
			);
			runOnlyForDeploymentPostprocessing = 0;
		};
/* End PBXFrameworksBuildPhase section */

/* Begin PBXGroup section */
		8D5B4CB6238B3B2E008D1BF5 /* Preview */ = {
			isa = PBXGroup;
			children = (
				8D5B4CB7238B3B2E008D1BF5 /* Preview Assets.xcassets */,
			);
			path = Preview;
			sourceTree = "<group>";
		};
		8DC72DE1238B3A58008F53A4 = {
			isa = PBXGroup;
			children = (
				8DC72E04238B3A81008F53A4 /* Configuration */,
				8DC72E0E238B3AE1008F53A4 /* Assets */,
				8DC72DEC238B3A58008F53A4 /* Sources */,
				8DC72DEB238B3A58008F53A4 /* Products */,
			);
			sourceTree = "<group>";
		};
		8DC72DEB238B3A58008F53A4 /* Products */ = {
			isa = PBXGroup;
			children = (
				8DC72DEA238B3A58008F53A4 /* DadJokes.app */,
			);
			name = Products;
			sourceTree = "<group>";
		};
		8DC72DEC238B3A58008F53A4 /* Sources */ = {
			isa = PBXGroup;
			children = (
				8DC72DED238B3A58008F53A4 /* AppDelegate.swift */,
				8DC72DEF238B3A58008F53A4 /* SceneDelegate.swift */,
				8DC72DF4238B3A58008F53A4 /* ContentView.swift */,
				8DF873E0238B4019008D4B14 /* EmojiView.swift */,
				8DF873E6238B43FF008D4B14 /* AddView.swift */,
				8DF873E8238B4ED2008D4B14 /* JokeCard.swift */,
				8D1C037C238B50C40056CDC2 /* DadJokes.xcdatamodeld */,
				8D1C0384238B52190056CDC2 /* Joke+CoreDataClass.swift */,
				8D1C0383238B52180056CDC2 /* Joke+CoreDataProperties.swift */,
			);
			path = Sources;
			sourceTree = "<group>";
		};
		8DC72E04238B3A81008F53A4 /* Configuration */ = {
			isa = PBXGroup;
			children = (
				8DC72E06238B3A82008F53A4 /* Common.xcconfig */,
				8DC72E08238B3A82008F53A4 /* Common.entitlements */,
				8DC72E0D238B3AAF008F53A4 /* DadJokes.xcconfig */,
				8DC72E0C238B3A8D008F53A4 /* DadJokes.plist */,
			);
			path = Configuration;
			sourceTree = "<group>";
		};
		8DC72E0E238B3AE1008F53A4 /* Assets */ = {
			isa = PBXGroup;
			children = (
				8D5B4CB6238B3B2E008D1BF5 /* Preview */,
				8DC72DF6238B3A59008F53A4 /* Assets.xcassets */,
				8DC72DFB238B3A59008F53A4 /* LaunchScreen.storyboard */,
			);
			path = Assets;
			sourceTree = "<group>";
		};
/* End PBXGroup section */

/* Begin PBXNativeTarget section */
		8DC72DE9238B3A58008F53A4 /* DadJokes */ = {
			isa = PBXNativeTarget;
			buildConfigurationList = 8DC72E01238B3A59008F53A4 /* Build configuration list for PBXNativeTarget "DadJokes" */;
			buildPhases = (
				8DC72DE6238B3A58008F53A4 /* Sources */,
				8DC72DE7238B3A58008F53A4 /* Frameworks */,
				8DC72DE8238B3A58008F53A4 /* Resources */,
			);
			buildRules = (
			);
			dependencies = (
			);
			name = DadJokes;
			productName = "Dad Jokes";
			productReference = 8DC72DEA238B3A58008F53A4 /* DadJokes.app */;
			productType = "com.apple.product-type.application";
		};
/* End PBXNativeTarget section */

/* Begin PBXProject section */
		8DC72DE2238B3A58008F53A4 /* Project object */ = {
			isa = PBXProject;
			attributes = {
				LastSwiftUpdateCheck = 1120;
				LastUpgradeCheck = 1120;
				ORGANIZATIONNAME = "Marcos Sanchez-Dehesa";
				TargetAttributes = {
					8DC72DE9238B3A58008F53A4 = {
						CreatedOnToolsVersion = 11.2.1;
					};
				};
			};
			buildConfigurationList = 8DC72DE5238B3A58008F53A4 /* Build configuration list for PBXProject "DadJokes" */;
			compatibilityVersion = "Xcode 9.3";
			developmentRegion = en;
			hasScannedForEncodings = 0;
			knownRegions = (
				en,
				Base,
			);
			mainGroup = 8DC72DE1238B3A58008F53A4;
			productRefGroup = 8DC72DEB238B3A58008F53A4 /* Products */;
			projectDirPath = "";
			projectRoot = "";
			targets = (
				8DC72DE9238B3A58008F53A4 /* DadJokes */,
			);
		};
/* End PBXProject section */

/* Begin PBXResourcesBuildPhase section */
		8DC72DE8238B3A58008F53A4 /* Resources */ = {
			isa = PBXResourcesBuildPhase;
			buildActionMask = 2147483647;
			files = (
				8DC72DF7238B3A59008F53A4 /* Assets.xcassets in Resources */,
				8DC72DFD238B3A59008F53A4 /* LaunchScreen.storyboard in Resources */,
			);
			runOnlyForDeploymentPostprocessing = 0;
		};
/* End PBXResourcesBuildPhase section */

/* Begin PBXSourcesBuildPhase section */
		8DC72DE6238B3A58008F53A4 /* Sources */ = {
			isa = PBXSourcesBuildPhase;
			buildActionMask = 2147483647;
			files = (
				8DF873E9238B4ED2008D4B14 /* JokeCard.swift in Sources */,
				8D1C037E238B50C40056CDC2 /* DadJokes.xcdatamodeld in Sources */,
				8DC72DF5238B3A58008F53A4 /* ContentView.swift in Sources */,
				8D1C0386238B52190056CDC2 /* Joke+CoreDataClass.swift in Sources */,
				8DF873E7238B43FF008D4B14 /* AddView.swift in Sources */,
				8D1C0385238B52190056CDC2 /* Joke+CoreDataProperties.swift in Sources */,
				8DC72DF0238B3A58008F53A4 /* SceneDelegate.swift in Sources */,
				8DC72DEE238B3A58008F53A4 /* AppDelegate.swift in Sources */,
				8DF873E1238B4019008D4B14 /* EmojiView.swift in Sources */,
			);
			runOnlyForDeploymentPostprocessing = 0;
		};
/* End PBXSourcesBuildPhase section */

/* Begin PBXVariantGroup section */
		8DC72DFB238B3A59008F53A4 /* LaunchScreen.storyboard */ = {
			isa = PBXVariantGroup;
			children = (
				8DC72DFC238B3A59008F53A4 /* Base */,
			);
			name = LaunchScreen.storyboard;
			sourceTree = "<group>";
		};
/* End PBXVariantGroup section */

/* Begin XCBuildConfiguration section */
		8DC72DFF238B3A59008F53A4 /* Debug */ = {
			isa = XCBuildConfiguration;
			baseConfigurationReference = 8DC72E06238B3A82008F53A4 /* Common.xcconfig */;
			buildSettings = {
				ALWAYS_SEARCH_USER_PATHS = NO;
				CLANG_ANALYZER_NONNULL = YES;
				CLANG_ANALYZER_NUMBER_OBJECT_CONVERSION = YES_AGGRESSIVE;
				CLANG_CXX_LANGUAGE_STANDARD = "gnu++14";
				CLANG_CXX_LIBRARY = "libc++";
				CLANG_ENABLE_MODULES = YES;
				CLANG_ENABLE_OBJC_ARC = YES;
				CLANG_ENABLE_OBJC_WEAK = YES;
				CLANG_WARN_BLOCK_CAPTURE_AUTORELEASING = YES;
				CLANG_WARN_BOOL_CONVERSION = YES;
				CLANG_WARN_COMMA = YES;
				CLANG_WARN_CONSTANT_CONVERSION = YES;
				CLANG_WARN_DEPRECATED_OBJC_IMPLEMENTATIONS = YES;
				CLANG_WARN_DIRECT_OBJC_ISA_USAGE = YES_ERROR;
				CLANG_WARN_DOCUMENTATION_COMMENTS = YES;
				CLANG_WARN_EMPTY_BODY = YES;
				CLANG_WARN_ENUM_CONVERSION = YES;
				CLANG_WARN_INFINITE_RECURSION = YES;
				CLANG_WARN_INT_CONVERSION = YES;
				CLANG_WARN_NON_LITERAL_NULL_CONVERSION = YES;
				CLANG_WARN_OBJC_IMPLICIT_RETAIN_SELF = YES;
				CLANG_WARN_OBJC_LITERAL_CONVERSION = YES;
				CLANG_WARN_OBJC_ROOT_CLASS = YES_ERROR;
				CLANG_WARN_RANGE_LOOP_ANALYSIS = YES;
				CLANG_WARN_STRICT_PROTOTYPES = YES;
				CLANG_WARN_SUSPICIOUS_MOVE = YES;
				CLANG_WARN_UNGUARDED_AVAILABILITY = YES_AGGRESSIVE;
				CLANG_WARN_UNREACHABLE_CODE = YES;
				CLANG_WARN__DUPLICATE_METHOD_MATCH = YES;
				COPY_PHASE_STRIP = NO;
				DEBUG_INFORMATION_FORMAT = dwarf;
				ENABLE_STRICT_OBJC_MSGSEND = YES;
				ENABLE_TESTABILITY = YES;
				GCC_C_LANGUAGE_STANDARD = gnu11;
				GCC_DYNAMIC_NO_PIC = NO;
				GCC_NO_COMMON_BLOCKS = YES;
				GCC_OPTIMIZATION_LEVEL = 0;
				GCC_PREPROCESSOR_DEFINITIONS = (
					"DEBUG=1",
					"$(inherited)",
				);
				GCC_WARN_64_TO_32_BIT_CONVERSION = YES;
				GCC_WARN_ABOUT_RETURN_TYPE = YES_ERROR;
				GCC_WARN_UNDECLARED_SELECTOR = YES;
				GCC_WARN_UNINITIALIZED_AUTOS = YES_AGGRESSIVE;
				GCC_WARN_UNUSED_FUNCTION = YES;
				GCC_WARN_UNUSED_VARIABLE = YES;
				IPHONEOS_DEPLOYMENT_TARGET = 13.2;
				MTL_ENABLE_DEBUG_INFO = INCLUDE_SOURCE;
				MTL_FAST_MATH = YES;
				ONLY_ACTIVE_ARCH = YES;
				SDKROOT = iphoneos;
				SWIFT_ACTIVE_COMPILATION_CONDITIONS = DEBUG;
				SWIFT_OPTIMIZATION_LEVEL = "-Onone";
			};
			name = Debug;
		};
		8DC72E00238B3A59008F53A4 /* Release */ = {
			isa = XCBuildConfiguration;
			baseConfigurationReference = 8DC72E06238B3A82008F53A4 /* Common.xcconfig */;
			buildSettings = {
				ALWAYS_SEARCH_USER_PATHS = NO;
				CLANG_ANALYZER_NONNULL = YES;
				CLANG_ANALYZER_NUMBER_OBJECT_CONVERSION = YES_AGGRESSIVE;
				CLANG_CXX_LANGUAGE_STANDARD = "gnu++14";
				CLANG_CXX_LIBRARY = "libc++";
				CLANG_ENABLE_MODULES = YES;
				CLANG_ENABLE_OBJC_ARC = YES;
				CLANG_ENABLE_OBJC_WEAK = YES;
				CLANG_WARN_BLOCK_CAPTURE_AUTORELEASING = YES;
				CLANG_WARN_BOOL_CONVERSION = YES;
				CLANG_WARN_COMMA = YES;
				CLANG_WARN_CONSTANT_CONVERSION = YES;
				CLANG_WARN_DEPRECATED_OBJC_IMPLEMENTATIONS = YES;
				CLANG_WARN_DIRECT_OBJC_ISA_USAGE = YES_ERROR;
				CLANG_WARN_DOCUMENTATION_COMMENTS = YES;
				CLANG_WARN_EMPTY_BODY = YES;
				CLANG_WARN_ENUM_CONVERSION = YES;
				CLANG_WARN_INFINITE_RECURSION = YES;
				CLANG_WARN_INT_CONVERSION = YES;
				CLANG_WARN_NON_LITERAL_NULL_CONVERSION = YES;
				CLANG_WARN_OBJC_IMPLICIT_RETAIN_SELF = YES;
				CLANG_WARN_OBJC_LITERAL_CONVERSION = YES;
				CLANG_WARN_OBJC_ROOT_CLASS = YES_ERROR;
				CLANG_WARN_RANGE_LOOP_ANALYSIS = YES;
				CLANG_WARN_STRICT_PROTOTYPES = YES;
				CLANG_WARN_SUSPICIOUS_MOVE = YES;
				CLANG_WARN_UNGUARDED_AVAILABILITY = YES_AGGRESSIVE;
				CLANG_WARN_UNREACHABLE_CODE = YES;
				CLANG_WARN__DUPLICATE_METHOD_MATCH = YES;
				COPY_PHASE_STRIP = NO;
				DEBUG_INFORMATION_FORMAT = "dwarf-with-dsym";
				ENABLE_NS_ASSERTIONS = NO;
				ENABLE_STRICT_OBJC_MSGSEND = YES;
				GCC_C_LANGUAGE_STANDARD = gnu11;
				GCC_NO_COMMON_BLOCKS = YES;
				GCC_WARN_64_TO_32_BIT_CONVERSION = YES;
				GCC_WARN_ABOUT_RETURN_TYPE = YES_ERROR;
				GCC_WARN_UNDECLARED_SELECTOR = YES;
				GCC_WARN_UNINITIALIZED_AUTOS = YES_AGGRESSIVE;
				GCC_WARN_UNUSED_FUNCTION = YES;
				GCC_WARN_UNUSED_VARIABLE = YES;
				IPHONEOS_DEPLOYMENT_TARGET = 13.2;
				MTL_ENABLE_DEBUG_INFO = NO;
				MTL_FAST_MATH = YES;
				SDKROOT = iphoneos;
				SWIFT_COMPILATION_MODE = wholemodule;
				SWIFT_OPTIMIZATION_LEVEL = "-O";
				VALIDATE_PRODUCT = YES;
			};
			name = Release;
		};
		8DC72E02238B3A59008F53A4 /* Debug */ = {
			isa = XCBuildConfiguration;
			baseConfigurationReference = 8DC72E0D238B3AAF008F53A4 /* DadJokes.xcconfig */;
			buildSettings = {
				ASSETCATALOG_COMPILER_APPICON_NAME = AppIcon;
				DERIVE_MACCATALYST_PRODUCT_BUNDLE_IDENTIFIER = YES;
				DEVELOPMENT_TEAM = V4LZL56CA7;
				ENABLE_PREVIEWS = YES;
				LD_RUNPATH_SEARCH_PATHS = (
					"$(inherited)",
					"@executable_path/Frameworks",
				);
				SUPPORTS_MACCATALYST = YES;
				TARGETED_DEVICE_FAMILY = "1,2";
			};
			name = Debug;
		};
		8DC72E03238B3A59008F53A4 /* Release */ = {
			isa = XCBuildConfiguration;
			baseConfigurationReference = 8DC72E0D238B3AAF008F53A4 /* DadJokes.xcconfig */;
			buildSettings = {
				ASSETCATALOG_COMPILER_APPICON_NAME = AppIcon;
				DERIVE_MACCATALYST_PRODUCT_BUNDLE_IDENTIFIER = YES;
				DEVELOPMENT_TEAM = V4LZL56CA7;
				ENABLE_PREVIEWS = YES;
				LD_RUNPATH_SEARCH_PATHS = (
					"$(inherited)",
					"@executable_path/Frameworks",
				);
				SUPPORTS_MACCATALYST = YES;
				TARGETED_DEVICE_FAMILY = "1,2";
			};
			name = Release;
		};
/* End XCBuildConfiguration section */

/* Begin XCConfigurationList section */
		8DC72DE5238B3A58008F53A4 /* Build configuration list for PBXProject "DadJokes" */ = {
			isa = XCConfigurationList;
			buildConfigurations = (
				8DC72DFF238B3A59008F53A4 /* Debug */,
				8DC72E00238B3A59008F53A4 /* Release */,
			);
			defaultConfigurationIsVisible = 0;
			defaultConfigurationName = Release;
		};
		8DC72E01238B3A59008F53A4 /* Build configuration list for PBXNativeTarget "DadJokes" */ = {
			isa = XCConfigurationList;
			buildConfigurations = (
				8DC72E02238B3A59008F53A4 /* Debug */,
				8DC72E03238B3A59008F53A4 /* Release */,
			);
			defaultConfigurationIsVisible = 0;
			defaultConfigurationName = Release;
		};
/* End XCConfigurationList section */

/* Begin XCVersionGroup section */
		8D1C037C238B50C40056CDC2 /* DadJokes.xcdatamodeld */ = {
			isa = XCVersionGroup;
			children = (
				8D1C037D238B50C40056CDC2 /* DadJokes.xcdatamodel */,
			);
			currentVersion = 8D1C037D238B50C40056CDC2 /* DadJokes.xcdatamodel */;
			path = DadJokes.xcdatamodeld;
			sourceTree = "<group>";
			versionGroupType = wrapper.xcdatamodel;
		};
/* End XCVersionGroup section */
	};
	rootObject = 8DC72DE2238B3A58008F53A4 /* Project object */;
}
