// !$*UTF8*$!
{
	archiveVersion = 1;
	classes = {
	};
	objectVersion = 50;
	objects = {

/* Begin PBXBuildFile section */
		8DAC5A8523869D2000FBDD50 /* AppDelegate.swift in Sources */ = {isa = PBXBuildFile; fileRef = 8DAC5A8423869D2000FBDD50 /* AppDelegate.swift */; };
		8DAC5A8723869D2000FBDD50 /* SceneDelegate.swift in Sources */ = {isa = PBXBuildFile; fileRef = 8DAC5A8623869D2000FBDD50 /* SceneDelegate.swift */; };
		8DAC5A8923869D2000FBDD50 /* ExampleView.swift in Sources */ = {isa = PBXBuildFile; fileRef = 8DAC5A8823869D2000FBDD50 /* ExampleView.swift */; };
		8DAC5AA823869E7100FBDD50 /* Preview Assets.xcassets in Resources */ = {isa = PBXBuildFile; fileRef = 8DAC5AA323869D3700FBDD50 /* Preview Assets.xcassets */; };
		8DAC5AA923869E7300FBDD50 /* Assets.xcassets in Resources */ = {isa = PBXBuildFile; fileRef = 8DAC5AA023869D3700FBDD50 /* Assets.xcassets */; };
		8DAC5AAA23869E7400FBDD50 /* LaunchScreen.storyboard in Resources */ = {isa = PBXBuildFile; fileRef = 8DAC5AA123869D3700FBDD50 /* LaunchScreen.storyboard */; };
		8DAC5AAC23869F5000FBDD50 /* Model.swift in Sources */ = {isa = PBXBuildFile; fileRef = 8DAC5AAB23869F5000FBDD50 /* Model.swift */; };
		8DAC5AAE23869F6A00FBDD50 /* RefreshableScrollView.swift in Sources */ = {isa = PBXBuildFile; fileRef = 8DAC5AAD23869F6A00FBDD50 /* RefreshableScrollView.swift */; };
/* End PBXBuildFile section */

/* Begin PBXFileReference section */
		8DAC5A8123869D2000FBDD50 /* Pull to refresh.app */ = {isa = PBXFileReference; explicitFileType = wrapper.application; includeInIndex = 0; path = "Pull to refresh.app"; sourceTree = BUILT_PRODUCTS_DIR; };
		8DAC5A8423869D2000FBDD50 /* AppDelegate.swift */ = {isa = PBXFileReference; lastKnownFileType = sourcecode.swift; path = AppDelegate.swift; sourceTree = "<group>"; };
		8DAC5A8623869D2000FBDD50 /* SceneDelegate.swift */ = {isa = PBXFileReference; lastKnownFileType = sourcecode.swift; path = SceneDelegate.swift; sourceTree = "<group>"; };
		8DAC5A8823869D2000FBDD50 /* ExampleView.swift */ = {isa = PBXFileReference; lastKnownFileType = sourcecode.swift; path = ExampleView.swift; sourceTree = "<group>"; };
		8DAC5A9923869D3700FBDD50 /* Common.xcconfig */ = {isa = PBXFileReference; lastKnownFileType = text.xcconfig; path = Common.xcconfig; sourceTree = "<group>"; };
		8DAC5A9D23869D3700FBDD50 /* Common.entitlements */ = {isa = PBXFileReference; lastKnownFileType = text.plist.entitlements; path = Common.entitlements; sourceTree = "<group>"; };
		8DAC5AA023869D3700FBDD50 /* Assets.xcassets */ = {isa = PBXFileReference; lastKnownFileType = folder.assetcatalog; path = Assets.xcassets; sourceTree = "<group>"; };
		8DAC5AA223869D3700FBDD50 /* Base */ = {isa = PBXFileReference; lastKnownFileType = file.storyboard; name = Base; path = Base.lproj/LaunchScreen.storyboard; sourceTree = "<group>"; };
		8DAC5AA323869D3700FBDD50 /* Preview Assets.xcassets */ = {isa = PBXFileReference; lastKnownFileType = folder.assetcatalog; path = "Preview Assets.xcassets"; sourceTree = "<group>"; };
		8DAC5AA523869DEC00FBDD50 /* Pull.xcconfig */ = {isa = PBXFileReference; fileEncoding = 4; lastKnownFileType = text.xcconfig; path = Pull.xcconfig; sourceTree = "<group>"; };
		8DAC5AA723869DF800FBDD50 /* Pull.plist */ = {isa = PBXFileReference; lastKnownFileType = text.plist.xml; path = Pull.plist; sourceTree = "<group>"; };
		8DAC5AAB23869F5000FBDD50 /* Model.swift */ = {isa = PBXFileReference; lastKnownFileType = sourcecode.swift; path = Model.swift; sourceTree = "<group>"; };
		8DAC5AAD23869F6A00FBDD50 /* RefreshableScrollView.swift */ = {isa = PBXFileReference; lastKnownFileType = sourcecode.swift; path = RefreshableScrollView.swift; sourceTree = "<group>"; };
/* End PBXFileReference section */

/* Begin PBXFrameworksBuildPhase section */
		8DAC5A7E23869D2000FBDD50 /* Frameworks */ = {
			isa = PBXFrameworksBuildPhase;
			buildActionMask = 2147483647;
			files = (
			);
			runOnlyForDeploymentPostprocessing = 0;
		};
/* End PBXFrameworksBuildPhase section */

/* Begin PBXGroup section */
		8DAC5A7823869D2000FBDD50 = {
			isa = PBXGroup;
			children = (
				8DAC5A9823869D3700FBDD50 /* Configuration */,
				8DAC5A9F23869D3700FBDD50 /* Assets */,
				8DAC5AA423869D8700FBDD50 /* Sources */,
				8DAC5A8223869D2000FBDD50 /* Products */,
			);
			sourceTree = "<group>";
		};
		8DAC5A8223869D2000FBDD50 /* Products */ = {
			isa = PBXGroup;
			children = (
				8DAC5A8123869D2000FBDD50 /* Pull to refresh.app */,
			);
			name = Products;
			sourceTree = "<group>";
		};
		8DAC5A9823869D3700FBDD50 /* Configuration */ = {
			isa = PBXGroup;
			children = (
				8DAC5A9923869D3700FBDD50 /* Common.xcconfig */,
				8DAC5A9D23869D3700FBDD50 /* Common.entitlements */,
				8DAC5AA523869DEC00FBDD50 /* Pull.xcconfig */,
				8DAC5AA723869DF800FBDD50 /* Pull.plist */,
			);
			path = Configuration;
			sourceTree = "<group>";
		};
		8DAC5A9F23869D3700FBDD50 /* Assets */ = {
			isa = PBXGroup;
			children = (
				8DAC5AA323869D3700FBDD50 /* Preview Assets.xcassets */,
				8DAC5AA023869D3700FBDD50 /* Assets.xcassets */,
				8DAC5AA123869D3700FBDD50 /* LaunchScreen.storyboard */,
			);
			path = Assets;
			sourceTree = "<group>";
		};
		8DAC5AA423869D8700FBDD50 /* Sources */ = {
			isa = PBXGroup;
			children = (
				8DAC5A8423869D2000FBDD50 /* AppDelegate.swift */,
				8DAC5A8623869D2000FBDD50 /* SceneDelegate.swift */,
				8DAC5AAF2386A0C900FBDD50 /* Example */,
				8DAC5AAD23869F6A00FBDD50 /* RefreshableScrollView.swift */,
			);
			path = Sources;
			sourceTree = "<group>";
		};
		8DAC5AAF2386A0C900FBDD50 /* Example */ = {
			isa = PBXGroup;
			children = (
				8DAC5A8823869D2000FBDD50 /* ExampleView.swift */,
				8DAC5AAB23869F5000FBDD50 /* Model.swift */,
			);
			path = Example;
			sourceTree = "<group>";
		};
/* End PBXGroup section */

/* Begin PBXNativeTarget section */
		8DAC5A8023869D2000FBDD50 /* Pull */ = {
			isa = PBXNativeTarget;
			buildConfigurationList = 8DAC5A9523869D2100FBDD50 /* Build configuration list for PBXNativeTarget "Pull" */;
			buildPhases = (
				8DAC5A7D23869D2000FBDD50 /* Sources */,
				8DAC5A7E23869D2000FBDD50 /* Frameworks */,
				8DAC5A7F23869D2000FBDD50 /* Resources */,
			);
			buildRules = (
			);
			dependencies = (
			);
			name = Pull;
			productName = ScrollView;
			productReference = 8DAC5A8123869D2000FBDD50 /* Pull to refresh.app */;
			productType = "com.apple.product-type.application";
		};
/* End PBXNativeTarget section */

/* Begin PBXProject section */
		8DAC5A7923869D2000FBDD50 /* Project object */ = {
			isa = PBXProject;
			attributes = {
				LastSwiftUpdateCheck = 1120;
				LastUpgradeCheck = 1120;
				ORGANIZATIONNAME = "Marcos Sanchez-Dehesa";
				TargetAttributes = {
					8DAC5A8023869D2000FBDD50 = {
						CreatedOnToolsVersion = 11.2.1;
					};
				};
			};
			buildConfigurationList = 8DAC5A7C23869D2000FBDD50 /* Build configuration list for PBXProject "ScrollView" */;
			compatibilityVersion = "Xcode 9.3";
			developmentRegion = en;
			hasScannedForEncodings = 0;
			knownRegions = (
				en,
				Base,
			);
			mainGroup = 8DAC5A7823869D2000FBDD50;
			productRefGroup = 8DAC5A8223869D2000FBDD50 /* Products */;
			projectDirPath = "";
			projectRoot = "";
			targets = (
				8DAC5A8023869D2000FBDD50 /* Pull */,
			);
		};
/* End PBXProject section */

/* Begin PBXResourcesBuildPhase section */
		8DAC5A7F23869D2000FBDD50 /* Resources */ = {
			isa = PBXResourcesBuildPhase;
			buildActionMask = 2147483647;
			files = (
				8DAC5AA823869E7100FBDD50 /* Preview Assets.xcassets in Resources */,
				8DAC5AA923869E7300FBDD50 /* Assets.xcassets in Resources */,
				8DAC5AAA23869E7400FBDD50 /* LaunchScreen.storyboard in Resources */,
			);
			runOnlyForDeploymentPostprocessing = 0;
		};
/* End PBXResourcesBuildPhase section */

/* Begin PBXSourcesBuildPhase section */
		8DAC5A7D23869D2000FBDD50 /* Sources */ = {
			isa = PBXSourcesBuildPhase;
			buildActionMask = 2147483647;
			files = (
				8DAC5A8523869D2000FBDD50 /* AppDelegate.swift in Sources */,
				8DAC5A8723869D2000FBDD50 /* SceneDelegate.swift in Sources */,
				8DAC5A8923869D2000FBDD50 /* ExampleView.swift in Sources */,
				8DAC5AAC23869F5000FBDD50 /* Model.swift in Sources */,
				8DAC5AAE23869F6A00FBDD50 /* RefreshableScrollView.swift in Sources */,
			);
			runOnlyForDeploymentPostprocessing = 0;
		};
/* End PBXSourcesBuildPhase section */

/* Begin PBXVariantGroup section */
		8DAC5AA123869D3700FBDD50 /* LaunchScreen.storyboard */ = {
			isa = PBXVariantGroup;
			children = (
				8DAC5AA223869D3700FBDD50 /* Base */,
			);
			name = LaunchScreen.storyboard;
			sourceTree = "<group>";
		};
/* End PBXVariantGroup section */

/* Begin XCBuildConfiguration section */
		8DAC5A9323869D2100FBDD50 /* Debug */ = {
			isa = XCBuildConfiguration;
			baseConfigurationReference = 8DAC5A9923869D3700FBDD50 /* Common.xcconfig */;
			buildSettings = {
				ALWAYS_SEARCH_USER_PATHS = NO;
				CLANG_ANALYZER_NONNULL = YES;
				CLANG_ANALYZER_NUMBER_OBJECT_CONVERSION = YES_AGGRESSIVE;
				CLANG_CXX_LANGUAGE_STANDARD = "gnu++14";
				CLANG_CXX_LIBRARY = "libc++";
				CLANG_ENABLE_MODULES = YES;
				CLANG_ENABLE_OBJC_ARC = YES;
				CLANG_ENABLE_OBJC_WEAK = YES;
				CLANG_WARN_BLOCK_CAPTURE_AUTORELEASING = YES;
				CLANG_WARN_BOOL_CONVERSION = YES;
				CLANG_WARN_COMMA = YES;
				CLANG_WARN_CONSTANT_CONVERSION = YES;
				CLANG_WARN_DEPRECATED_OBJC_IMPLEMENTATIONS = YES;
				CLANG_WARN_DIRECT_OBJC_ISA_USAGE = YES_ERROR;
				CLANG_WARN_DOCUMENTATION_COMMENTS = YES;
				CLANG_WARN_EMPTY_BODY = YES;
				CLANG_WARN_ENUM_CONVERSION = YES;
				CLANG_WARN_INFINITE_RECURSION = YES;
				CLANG_WARN_INT_CONVERSION = YES;
				CLANG_WARN_NON_LITERAL_NULL_CONVERSION = YES;
				CLANG_WARN_OBJC_IMPLICIT_RETAIN_SELF = YES;
				CLANG_WARN_OBJC_LITERAL_CONVERSION = YES;
				CLANG_WARN_OBJC_ROOT_CLASS = YES_ERROR;
				CLANG_WARN_RANGE_LOOP_ANALYSIS = YES;
				CLANG_WARN_STRICT_PROTOTYPES = YES;
				CLANG_WARN_SUSPICIOUS_MOVE = YES;
				CLANG_WARN_UNGUARDED_AVAILABILITY = YES_AGGRESSIVE;
				CLANG_WARN_UNREACHABLE_CODE = YES;
				CLANG_WARN__DUPLICATE_METHOD_MATCH = YES;
				COPY_PHASE_STRIP = NO;
				DEBUG_INFORMATION_FORMAT = dwarf;
				ENABLE_STRICT_OBJC_MSGSEND = YES;
				ENABLE_TESTABILITY = YES;
				GCC_C_LANGUAGE_STANDARD = gnu11;
				GCC_DYNAMIC_NO_PIC = NO;
				GCC_NO_COMMON_BLOCKS = YES;
				GCC_OPTIMIZATION_LEVEL = 0;
				GCC_PREPROCESSOR_DEFINITIONS = (
					"DEBUG=1",
					"$(inherited)",
				);
				GCC_WARN_64_TO_32_BIT_CONVERSION = YES;
				GCC_WARN_ABOUT_RETURN_TYPE = YES_ERROR;
				GCC_WARN_UNDECLARED_SELECTOR = YES;
				GCC_WARN_UNINITIALIZED_AUTOS = YES_AGGRESSIVE;
				GCC_WARN_UNUSED_FUNCTION = YES;
				GCC_WARN_UNUSED_VARIABLE = YES;
				IPHONEOS_DEPLOYMENT_TARGET = 13.2;
				MTL_ENABLE_DEBUG_INFO = INCLUDE_SOURCE;
				MTL_FAST_MATH = YES;
				ONLY_ACTIVE_ARCH = YES;
				SDKROOT = iphoneos;
				SWIFT_ACTIVE_COMPILATION_CONDITIONS = DEBUG;
				SWIFT_OPTIMIZATION_LEVEL = "-Onone";
			};
			name = Debug;
		};
		8DAC5A9423869D2100FBDD50 /* Release */ = {
			isa = XCBuildConfiguration;
			baseConfigurationReference = 8DAC5A9923869D3700FBDD50 /* Common.xcconfig */;
			buildSettings = {
				ALWAYS_SEARCH_USER_PATHS = NO;
				CLANG_ANALYZER_NONNULL = YES;
				CLANG_ANALYZER_NUMBER_OBJECT_CONVERSION = YES_AGGRESSIVE;
				CLANG_CXX_LANGUAGE_STANDARD = "gnu++14";
				CLANG_CXX_LIBRARY = "libc++";
				CLANG_ENABLE_MODULES = YES;
				CLANG_ENABLE_OBJC_ARC = YES;
				CLANG_ENABLE_OBJC_WEAK = YES;
				CLANG_WARN_BLOCK_CAPTURE_AUTORELEASING = YES;
				CLANG_WARN_BOOL_CONVERSION = YES;
				CLANG_WARN_COMMA = YES;
				CLANG_WARN_CONSTANT_CONVERSION = YES;
				CLANG_WARN_DEPRECATED_OBJC_IMPLEMENTATIONS = YES;
				CLANG_WARN_DIRECT_OBJC_ISA_USAGE = YES_ERROR;
				CLANG_WARN_DOCUMENTATION_COMMENTS = YES;
				CLANG_WARN_EMPTY_BODY = YES;
				CLANG_WARN_ENUM_CONVERSION = YES;
				CLANG_WARN_INFINITE_RECURSION = YES;
				CLANG_WARN_INT_CONVERSION = YES;
				CLANG_WARN_NON_LITERAL_NULL_CONVERSION = YES;
				CLANG_WARN_OBJC_IMPLICIT_RETAIN_SELF = YES;
				CLANG_WARN_OBJC_LITERAL_CONVERSION = YES;
				CLANG_WARN_OBJC_ROOT_CLASS = YES_ERROR;
				CLANG_WARN_RANGE_LOOP_ANALYSIS = YES;
				CLANG_WARN_STRICT_PROTOTYPES = YES;
				CLANG_WARN_SUSPICIOUS_MOVE = YES;
				CLANG_WARN_UNGUARDED_AVAILABILITY = YES_AGGRESSIVE;
				CLANG_WARN_UNREACHABLE_CODE = YES;
				CLANG_WARN__DUPLICATE_METHOD_MATCH = YES;
				COPY_PHASE_STRIP = NO;
				DEBUG_INFORMATION_FORMAT = "dwarf-with-dsym";
				ENABLE_NS_ASSERTIONS = NO;
				ENABLE_STRICT_OBJC_MSGSEND = YES;
				GCC_C_LANGUAGE_STANDARD = gnu11;
				GCC_NO_COMMON_BLOCKS = YES;
				GCC_WARN_64_TO_32_BIT_CONVERSION = YES;
				GCC_WARN_ABOUT_RETURN_TYPE = YES_ERROR;
				GCC_WARN_UNDECLARED_SELECTOR = YES;
				GCC_WARN_UNINITIALIZED_AUTOS = YES_AGGRESSIVE;
				GCC_WARN_UNUSED_FUNCTION = YES;
				GCC_WARN_UNUSED_VARIABLE = YES;
				IPHONEOS_DEPLOYMENT_TARGET = 13.2;
				MTL_ENABLE_DEBUG_INFO = NO;
				MTL_FAST_MATH = YES;
				SDKROOT = iphoneos;
				SWIFT_COMPILATION_MODE = wholemodule;
				SWIFT_OPTIMIZATION_LEVEL = "-O";
				VALIDATE_PRODUCT = YES;
			};
			name = Release;
		};
		8DAC5A9623869D2100FBDD50 /* Debug */ = {
			isa = XCBuildConfiguration;
			baseConfigurationReference = 8DAC5AA523869DEC00FBDD50 /* Pull.xcconfig */;
			buildSettings = {
				ASSETCATALOG_COMPILER_APPICON_NAME = AppIcon;
				DERIVE_MACCATALYST_PRODUCT_BUNDLE_IDENTIFIER = YES;
				DEVELOPMENT_TEAM = V4LZL56CA7;
				ENABLE_PREVIEWS = YES;
				LD_RUNPATH_SEARCH_PATHS = (
					"$(inherited)",
					"@executable_path/Frameworks",
				);
				SUPPORTS_MACCATALYST = YES;
				TARGETED_DEVICE_FAMILY = "1,2";
			};
			name = Debug;
		};
		8DAC5A9723869D2100FBDD50 /* Release */ = {
			isa = XCBuildConfiguration;
			baseConfigurationReference = 8DAC5AA523869DEC00FBDD50 /* Pull.xcconfig */;
			buildSettings = {
				ASSETCATALOG_COMPILER_APPICON_NAME = AppIcon;
				DERIVE_MACCATALYST_PRODUCT_BUNDLE_IDENTIFIER = YES;
				DEVELOPMENT_TEAM = V4LZL56CA7;
				ENABLE_PREVIEWS = YES;
				LD_RUNPATH_SEARCH_PATHS = (
					"$(inherited)",
					"@executable_path/Frameworks",
				);
				SUPPORTS_MACCATALYST = YES;
				TARGETED_DEVICE_FAMILY = "1,2";
			};
			name = Release;
		};
/* End XCBuildConfiguration section */

/* Begin XCConfigurationList section */
		8DAC5A7C23869D2000FBDD50 /* Build configuration list for PBXProject "ScrollView" */ = {
			isa = XCConfigurationList;
			buildConfigurations = (
				8DAC5A9323869D2100FBDD50 /* Debug */,
				8DAC5A9423869D2100FBDD50 /* Release */,
			);
			defaultConfigurationIsVisible = 0;
			defaultConfigurationName = Release;
		};
		8DAC5A9523869D2100FBDD50 /* Build configuration list for PBXNativeTarget "Pull" */ = {
			isa = XCConfigurationList;
			buildConfigurations = (
				8DAC5A9623869D2100FBDD50 /* Debug */,
				8DAC5A9723869D2100FBDD50 /* Release */,
			);
			defaultConfigurationIsVisible = 0;
			defaultConfigurationName = Release;
		};
/* End XCConfigurationList section */
	};
	rootObject = 8DAC5A7923869D2000FBDD50 /* Project object */;
}
